schema: '2.0'
stages:
  load_data:
    cmd: python src/load_data.py --config=params.yaml
    deps:
    - path: data_given/winequality.csv
      md5: ccc8d3507eb151f53f760d36abdef888
      size: 91998
    - path: src/get_data.py
      md5: fe302a6cd132342ad743f33ad1559a98
      size: 788
    - path: src/load_data.py
      md5: 4ad04382aab5c35dba668ed0e8cd115e
      size: 669
    outs:
    - path: data/raw/winequality.csv
      md5: d98e8f2eca228c11c4de1cc96866a54d
      size: 93598
